
Microsoft Visual Studio Solution File, Format Version 12.00
# Visual Studio Version 17
VisualStudioVersion = 17.1.32210.238
MinimumVisualStudioVersion = 10.0.40219.1
Project("{FAE04EC0-301F-11D3-BF4B-00C04F79EFBC}") = "Coffee Managment System", "Coffee Managment System\Coffee Managment System.csproj", "{F626035F-8857-4C6D-9BF1-3B8F0BDAD023}"
EndProject
Global
	GlobalSection(SolutionConfigurationPlatforms) = preSolution
		Debug|Any CPU = Debug|Any CPU
		Release|Any CPU = Release|Any CPU
	EndGlobalSection
	GlobalSection(ProjectConfigurationPlatforms) = postSolution
		{F626035F-8857-4C6D-9BF1-3B8F0BDAD023}.Debug|Any CPU.ActiveCfg = Debug|Any CPU
		{F626035F-8857-4C6D-9BF1-3B8F0BDAD023}.Debug|Any CPU.Build.0 = Debug|Any CPU
		{F626035F-8857-4C6D-9BF1-3B8F0BDAD023}.Release|Any CPU.ActiveCfg = Release|Any CPU
		{F626035F-8857-4C6D-9BF1-3B8F0BDAD023}.Release|Any CPU.Build.0 = Release|Any CPU
	EndGlobalSection
	GlobalSection(SolutionProperties) = preSolution
		HideSolutionNode = FALSE
	EndGlobalSection
	GlobalSection(ExtensibilityGlobals) = postSolution
		SolutionGuid = {0A05119C-AFA0-4087-895F-DEA05DBC190B}
	EndGlobalSection
EndGlobal
